
Microsoft Visual Studio Solution File, Format Version 12.00
# Visual Studio Version 17
VisualStudioVersion = 17.7.34031.279
MinimumVisualStudioVersion = 10.0.40219.1
Project("{FAE04EC0-301F-11D3-BF4B-00C04F79EFBC}") = "PasswordGenerator", "PasswordGenerator\PasswordGenerator.csproj", "{FBB91C0B-50A3-485C-BC1A-AFFA44E9F424}"
EndProject
Global
	GlobalSection(SolutionConfigurationPlatforms) = preSolution
		Debug|Any CPU = Debug|Any CPU
		Release|Any CPU = Release|Any CPU
	EndGlobalSection
	GlobalSection(ProjectConfigurationPlatforms) = postSolution
		{FBB91C0B-50A3-485C-BC1A-AFFA44E9F424}.Debug|Any CPU.ActiveCfg = Debug|Any CPU
		{FBB91C0B-50A3-485C-BC1A-AFFA44E9F424}.Debug|Any CPU.Build.0 = Debug|Any CPU
		{FBB91C0B-50A3-485C-BC1A-AFFA44E9F424}.Release|Any CPU.ActiveCfg = Release|Any CPU
		{FBB91C0B-50A3-485C-BC1A-AFFA44E9F424}.Release|Any CPU.Build.0 = Release|Any CPU
	EndGlobalSection
	GlobalSection(SolutionProperties) = preSolution
		HideSolutionNode = FALSE
	EndGlobalSection
	GlobalSection(ExtensibilityGlobals) = postSolution
		SolutionGuid = {42E21923-5AE9-469B-84E1-24A83D84F3A3}
	EndGlobalSection
EndGlobal
